# THIS IS AN AUTOGENERATED FILE. DO NOT EDIT THIS FILE DIRECTLY.
# yarn lockfile v1


"@types/node@^10.12.18":
  "integrity" "sha512-nMRqS+mL1TOnIJrL6LKJcNZPB8V3eTfRo9FQA2b5gDvrHurC8XbSA86KNe0dShlEL7ReWJv/OU9NL7Z0dnqWTg=="
  "resolved" "https://registry.npmjs.org/@types/node/-/node-10.12.26.tgz"
  "version" "10.12.26"

"accepts@~1.3.5":
  "integrity" "sha1-63d99gEXI6OxTopywIBcjoZ0a9I= sha512-pt4oTticGUEOZCvli0I7ekmpXopaX+Xvb/TQRaTKnvZNIH9Srs0VWi2NGBfsRscAgwtIEtxW5JOB9sI0oN3cjw=="
  "resolved" "https://registry.npmjs.org/accepts/-/accepts-1.3.5.tgz"
  "version" "1.3.5"
  dependencies:
    "mime-types" "~2.1.18"
    "negotiator" "0.6.1"

"ansi-styles@^3.2.1":
  "integrity" "sha512-VT0ZI6kZRdTh8YyJw3SMbYm/u+NqfsAxEpWO0Pf9sq8/e94WxxOpPKx9FR1FlyCtOVDNOQ+8ntlqFxiRc+r5qA=="
  "resolved" "https://registry.npmjs.org/ansi-styles/-/ansi-styles-3.2.1.tgz"
  "version" "3.2.1"
  dependencies:
    "color-convert" "^1.9.0"

"array-flatten@1.1.1":
  "integrity" "sha1-ml9pkFGx5wczKPKgCJaLZOopVdI= sha512-PCVAQswWemu6UdxsDFFX/+gVeYqKAod3D3UVm91jHwynguOwAvYPhx8nNlM++NqRcK6CxxpUafjmhIdKiHibqg=="
  "resolved" "https://registry.npmjs.org/array-flatten/-/array-flatten-1.1.1.tgz"
  "version" "1.1.1"

"async@^2.6.1":
  "integrity" "sha512-fNEiL2+AZt6AlAw/29Cr0UDe4sRAHCpEHh54WMz+Bb7QfNcFw4h3loofyJpLeQs4Yx7yuqu/2dLgM5hKOs6HlQ=="
  "resolved" "https://registry.npmjs.org/async/-/async-2.6.1.tgz"
  "version" "2.6.1"
  dependencies:
    "lodash" "^4.17.10"

"axios@^0.18.0":
  "integrity" "sha1-MtU+SFHv3AoRmTts0AB4nXDAUQI= sha512-14hgP2oTu6SPu+26Ofye6Se8u5Mmjc07a0ACHTJ5POKFU1Mtxz2IxSvaWy1O+QnbSa8XHy1gYz2E1l+G26XJdA=="
  "resolved" "https://registry.npmjs.org/axios/-/axios-0.18.0.tgz"
  "version" "0.18.0"
  dependencies:
    "follow-redirects" "^1.3.0"
    "is-buffer" "^1.1.5"

"body-parser@1.18.3":
  "integrity" "sha1-WykhmP/dVTs6DyDe0FkrlWlVyLQ= sha512-YQyoqQG3sO8iCmf8+hyVpgHHOv0/hCEFiS4zTGUwTA1HjAFX66wRcNQrVCeJq9pgESMRvUAOvSil5MJlmccuKQ=="
  "resolved" "https://registry.npmjs.org/body-parser/-/body-parser-1.18.3.tgz"
  "version" "1.18.3"
  dependencies:
    "bytes" "3.0.0"
    "content-type" "~1.0.4"
    "debug" "2.6.9"
    "depd" "~1.1.2"
    "http-errors" "~1.6.3"
    "iconv-lite" "0.4.23"
    "on-finished" "~2.3.0"
    "qs" "6.5.2"
    "raw-body" "2.3.3"
    "type-is" "~1.6.16"

"bytes@3.0.0":
  "integrity" "sha1-0ygVQE1olpn4Wk6k+odV3ROpYEg= sha512-pMhOfFDPiv9t5jjIXkHosWmkSyQbvsgEVNkz0ERHbuLh2T/7j4Mqqpz523Fe8MVY89KC6Sh/QfS2sM+SjgFDcw=="
  "resolved" "https://registry.npmjs.org/bytes/-/bytes-3.0.0.tgz"
  "version" "3.0.0"

"callsites@^1.0.0":
  "integrity" "sha1-wUwkGIzo4dagMLTDyULmuolbaho= sha512-4pzUzADrTwH4QwhsYEY1yQYUYXb4Lp3CB7FVknTNtWNCFdcQkRV4ICEGnMQ35DcJhCVlAB1VD3A/SoWC0O2kMg=="
  "resolved" "https://registry.npmjs.org/callsites/-/callsites-1.0.1.tgz"
  "version" "1.0.1"

"chalk@^2.4.1":
  "integrity" "sha512-Mti+f9lpJNcwF4tWV8/OrTTtF1gZi+f8FqlyAdouralcFWFQWF2+NgCHShjkCb+IFBLq9buZwE1xckQU4peSuQ=="
  "resolved" "https://registry.npmjs.org/chalk/-/chalk-2.4.2.tgz"
  "version" "2.4.2"
  dependencies:
    "ansi-styles" "^3.2.1"
    "escape-string-regexp" "^1.0.5"
    "supports-color" "^5.3.0"

"chownr@^1.1.1":
  "integrity" "sha512-i70fVHhmV3DtTl6nqvZOnIjbY0Pe4kAUjwHj8z0zAdgBtYrJyYwLKCCuRBQ5ppkyL0AkN7HKRnETdmdp1zqNXw=="
  "resolved" "https://registry.npmjs.org/chownr/-/chownr-1.1.3.tgz"
  "version" "1.1.3"

"color-convert@^1.9.0", "color-convert@^1.9.1":
  "integrity" "sha512-QfAUtd+vFdAtFQcC8CCyYt1fYWxSqAiK2cSD6zDB8N3cpsEBAvRxp9zOGg6G/SHHJYAT88/az/IuDGALsNVbGg=="
  "resolved" "https://registry.npmjs.org/color-convert/-/color-convert-1.9.3.tgz"
  "version" "1.9.3"
  dependencies:
    "color-name" "1.1.3"

"color-name@^1.0.0", "color-name@1.1.3":
  "integrity" "sha1-p9BVi9icQveV3UIyj3QIMcpTvCU= sha512-72fSenhMw2HZMTVHeCA9KCmpEIbzWiQsjN+BHcBbS9vr1mtt+vJjPdksIBNUmKAW8TFUDPJK5SUU3QhE9NEXDw=="
  "resolved" "https://registry.npmjs.org/color-name/-/color-name-1.1.3.tgz"
  "version" "1.1.3"

"color-string@^1.5.2":
  "integrity" "sha512-dC2C5qeWoYkxki5UAXapdjqO672AM4vZuPGRQfO8b5HKuKGBbKWpITyDYN7TOFKvRW7kOgAn3746clDBMDJyQw=="
  "resolved" "https://registry.npmjs.org/color-string/-/color-string-1.5.3.tgz"
  "version" "1.5.3"
  dependencies:
    "color-name" "^1.0.0"
    "simple-swizzle" "^0.2.2"

"color@3.0.x":
  "integrity" "sha512-jCpd5+s0s0t7p3pHQKpnJ0TpQKKdleP71LWcA0aqiljpiuAkOSUFN/dyH8ZwF0hRmFlrIuRhufds1QyEP9EB+w=="
  "resolved" "https://registry.npmjs.org/color/-/color-3.0.0.tgz"
  "version" "3.0.0"
  dependencies:
    "color-convert" "^1.9.1"
    "color-string" "^1.5.2"

"colornames@^1.1.1":
  "integrity" "sha1-+IiQMGhcfE/54qVZ9Qd+t2qBb5Y= sha512-/pyV40IrsdulWv+wFPmERh9k/mjsPZ64yUMDmWrtj/k1nmgrzzIENWKdaVKyBbvFdQWqkcaRxr+polCo3VMe7A=="
  "resolved" "https://registry.npmjs.org/colornames/-/colornames-1.1.1.tgz"
  "version" "1.1.1"

"colors@^1.2.1":
  "integrity" "sha512-mmGt/1pZqYRjMxB1axhTo16/snVZ5krrKkcmMeVKxzECMMXoCgnvTPp10QgHfcbQZw8Dq2jMNG6je4JlWU0gWg=="
  "resolved" "https://registry.npmjs.org/colors/-/colors-1.3.3.tgz"
  "version" "1.3.3"

"colorspace@1.1.x":
  "integrity" "sha512-pI3btWyiuz7Ken0BWh9Elzsmv2bM9AhA7psXib4anUXy/orfZ/E0MbQwhSOG/9L8hLlalqrU0UhOuqxW1YjmVw=="
  "resolved" "https://registry.npmjs.org/colorspace/-/colorspace-1.1.1.tgz"
  "version" "1.1.1"
  dependencies:
    "color" "3.0.x"
    "text-hex" "1.0.x"

"container-info@^1.0.1":
  "integrity" "sha512-wk/+uJvPHOFG+JSwQS+fw6H6yw3Oyc8Kw9L4O2MN817uA90OqJ59nlZbbLPqDudsjJ7Tetee3pwExdKpd2ahjQ=="
  "resolved" "https://registry.npmjs.org/container-info/-/container-info-1.0.1.tgz"
  "version" "1.0.1"

"content-disposition@0.5.2":
  "integrity" "sha1-DPaLud318r55YcOoUXjLhdunjLQ= sha512-kRGRZw3bLlFISDBgwTSA1TMBFN6J6GWDeubmDE3AF+3+yXL8hTWv8r5rkLbqYXY4RjPk/EzHnClI3zQf1cFmHA=="
  "resolved" "https://registry.npmjs.org/content-disposition/-/content-disposition-0.5.2.tgz"
  "version" "0.5.2"

"content-type@~1.0.4":
  "integrity" "sha512-hIP3EEPs8tB9AT1L+NUqtwOAps4mk2Zob89MWXMHjHWg9milF/j4osnnQLXBCBFBk/tvIG/tUc9mOUJiPBhPXA=="
  "resolved" "https://registry.npmjs.org/content-type/-/content-type-1.0.4.tgz"
  "version" "1.0.4"

"cookie-signature@1.0.6":
  "integrity" "sha1-4wOogrNCzD7oylE6eZmXNNqzriw= sha512-QADzlaHc8icV8I7vbaJXJwod9HWYp8uCqf1xa4OfNu1T7JVxQIrUgOWtHdNDtPiywmFbiS12VjotIXLrKM3orQ=="
  "resolved" "https://registry.npmjs.org/cookie-signature/-/cookie-signature-1.0.6.tgz"
  "version" "1.0.6"

"cookie@0.3.1":
  "integrity" "sha1-5+Ch+e9DtMi6klxcWpboBtFoc7s= sha512-+IJOX0OqlHCszo2mBUq+SrEbCj6w7Kpffqx60zYbPTFaO4+yYgRjHwcZNpWvaTylDHaV7PPmBHzSecZiMhtPgw=="
  "resolved" "https://registry.npmjs.org/cookie/-/cookie-0.3.1.tgz"
  "version" "0.3.1"

"core-util-is@~1.0.0":
  "integrity" "sha1-tf1UIgqivFq1eqtxQMlAdUUDwac= sha512-3lqz5YjWTYnW6dlDa5TLaTCcShfar1e40rmcJVwCBJC6mWlFuj0eCHIElmG1g5kyuJ/GD+8Wn4FFCcz4gJPfaQ=="
  "resolved" "https://registry.npmjs.org/core-util-is/-/core-util-is-1.0.2.tgz"
  "version" "1.0.2"

"cors@^2.8.5":
  "integrity" "sha512-KIHbLJqu73RGr/hnbrO9uBeixNGuvSQjul/jdFvS/KFSIH1hWVd1ng7zOHx+YrEfInLG7q4n6GHQ9cDtxv/P6g=="
  "resolved" "https://registry.npmjs.org/cors/-/cors-2.8.5.tgz"
  "version" "2.8.5"
  dependencies:
    "object-assign" "^4"
    "vary" "^1"

"dd-trace@^0.15.5":
  "integrity" "sha512-RjTXk+Lv+NaNGU7y+DxJqpV5oaAz8sz5YE9MINJHe07J2wub4e3AzwhSZscr2ksz3/VY09zEvqySTmim3XhUhg=="
  "resolved" "https://registry.npmjs.org/dd-trace/-/dd-trace-0.15.5.tgz"
  "version" "0.15.5"
  dependencies:
    "@types/node" "^10.12.18"
    "container-info" "^1.0.1"
    "int64-buffer" "^0.1.9"
    "koalas" "^1.0.2"
    "lodash.kebabcase" "^4.1.1"
    "lodash.memoize" "^4.1.2"
    "lodash.pick" "^4.4.0"
    "lodash.sortby" "^4.7.0"
    "lodash.truncate" "^4.4.2"
    "lodash.uniq" "^4.5.0"
    "methods" "^1.1.2"
    "module-details-from-path" "^1.0.3"
    "msgpack-lite" "^0.1.26"
    "nan" "^2.12.1"
    "node-gyp-build" "^3.8.0"
    "opentracing" ">=0.12.1"
    "parent-module" "^0.1.0"
    "path-to-regexp" "^0.1.2"
    "performance-now" "^2.1.0"
    "read-pkg-up" "^3.0.0"
    "require-in-the-middle" "^2.2.2"
    "semver" "^5.5.0"
    "shimmer" "^1.2.0"
    "tar" "^4.4.8"
    "url-parse" "^1.4.3"

"debug@=3.1.0":
  "integrity" "sha512-OX8XqP7/1a9cqkxYw2yXss15f26NKWBpDXQd0/uK/KPqdQhxbPa994hnzjcE2VqQpDslf55723cKPUOGSmMY3g=="
  "resolved" "https://registry.npmjs.org/debug/-/debug-3.1.0.tgz"
  "version" "3.1.0"
  dependencies:
    "ms" "2.0.0"

"debug@2.6.9":
  "integrity" "sha512-bC7ElrdJaJnPbAP+1EotYvqZsb3ecl5wi6Bfi6BJTUcNowp6cvspg0jXznRTKDjm/E7AdgFBVeAPVMNcKGsHMA=="
  "resolved" "https://registry.npmjs.org/debug/-/debug-2.6.9.tgz"
  "version" "2.6.9"
  dependencies:
    "ms" "2.0.0"

"depd@~1.1.2":
  "integrity" "sha1-m81S4UwJd2PnSbJ0xDRu0uVgtak= sha512-7emPTl6Dpo6JRXOXjLRxck+FlLRX5847cLKEn00PLAgc3g2hTZZgr+e4c2v6QpSmLeFP3n5yUo7ft6avBK/5jQ=="
  "resolved" "https://registry.npmjs.org/depd/-/depd-1.1.2.tgz"
  "version" "1.1.2"

"destroy@~1.0.4":
  "integrity" "sha1-l4hXRCxEdJ5CBmE+N5RiBYJqvYA= sha512-3NdhDuEXnfun/z7x9GOElY49LoqVHoGScmOKwmxhsS8N5Y+Z8KyPPDnaSzqWgYt/ji4mqwfTS34Htrk0zPIXVg=="
  "resolved" "https://registry.npmjs.org/destroy/-/destroy-1.0.4.tgz"
  "version" "1.0.4"

"diagnostics@^1.1.1":
  "integrity" "sha512-8wn1PmdunLJ9Tqbx+Fx/ZEuHfJf4NKSN2ZBj7SJC/OWRWha843+WsTjqMe1B5E3p28jqBlp+mJ2fPVxPyNgYKQ=="
  "resolved" "https://registry.npmjs.org/diagnostics/-/diagnostics-1.1.1.tgz"
  "version" "1.1.1"
  dependencies:
    "colorspace" "1.1.x"
    "enabled" "1.0.x"
    "kuler" "1.0.x"

"ee-first@1.1.1":
  "integrity" "sha1-WQxhFWsK4vTwJVcyoViyZrxWsh0= sha512-WMwm9LhRUo+WUaRN+vRuETqG89IgZphVSNkdFgeb6sS/E4OrDIN7t48CAewSHXc6C8lefD8KKfr5vY61brQlow=="
  "resolved" "https://registry.npmjs.org/ee-first/-/ee-first-1.1.1.tgz"
  "version" "1.1.1"

"enabled@1.0.x":
  "integrity" "sha1-ll9lE9LC0cX0ZStkouM5ZGf8L5M= sha512-nnzgVSpB35qKrUN8358SjO1bYAmxoThECTWw9s3J0x5G8A9hokKHVDFzBjVpCoSryo6MhN8woVyascN5jheaNA=="
  "resolved" "https://registry.npmjs.org/enabled/-/enabled-1.0.2.tgz"
  "version" "1.0.2"
  dependencies:
    "env-variable" "0.0.x"

"encodeurl@~1.0.2":
  "integrity" "sha1-rT/0yG7C0CkyL1oCw6mmBslbP1k= sha512-TPJXq8JqFaVYm2CWmPvnP2Iyo4ZSM7/QKcSmuMLDObfpH5fi7RUGmd/rTDf+rut/saiDiQEeVTNgAmJEdAOx0w=="
  "resolved" "https://registry.npmjs.org/encodeurl/-/encodeurl-1.0.2.tgz"
  "version" "1.0.2"

"env-variable@0.0.x":
  "integrity" "sha512-zoB603vQReOFvTg5xMl9I1P2PnHsHQQKTEowsKKD7nseUfJq6UWzK+4YtlWUO1nhiQUxe6XMkk+JleSZD1NZFA=="
  "resolved" "https://registry.npmjs.org/env-variable/-/env-variable-0.0.5.tgz"
  "version" "0.0.5"

"error-ex@^1.3.1":
  "integrity" "sha512-7dFHNmqeFSEt2ZBsCriorKnn3Z2pj+fd9kmI6QoWw4//DL+icEBfc0U7qJCisqrTsKTjw4fNFy2pW9OqStD84g=="
  "resolved" "https://registry.npmjs.org/error-ex/-/error-ex-1.3.2.tgz"
  "version" "1.3.2"
  dependencies:
    "is-arrayish" "^0.2.1"

"escape-html@~1.0.3":
  "integrity" "sha1-Aljq5NPQwJdN4cFpGI7wBR0dGYg= sha512-NiSupZ4OeuGwr68lGIeym/ksIZMJodUGOSCZ/FSnTxcrekbvqrgdUxlJOMpijaKZVjAJrWrGs/6Jy8OMuyj9ow=="
  "resolved" "https://registry.npmjs.org/escape-html/-/escape-html-1.0.3.tgz"
  "version" "1.0.3"

"escape-string-regexp@^1.0.5":
  "integrity" "sha1-G2HAViGQqN/2rjuyzwIAyhMLhtQ= sha512-vbRorB5FUQWvla16U8R/qgaFIya2qGzwDrNmCZuYKrbdSUMG6I1ZCGQRefkRVhuOkIGVne7BQ35DSfo1qvJqFg=="
  "resolved" "https://registry.npmjs.org/escape-string-regexp/-/escape-string-regexp-1.0.5.tgz"
  "version" "1.0.5"

"etag@~1.8.1":
  "integrity" "sha1-Qa4u62XvpiJorr/qg6x9eSmbCIc= sha512-aIL5Fx7mawVa300al2BnEE4iNvo1qETxLrPI/o05L7z6go7fCw1J6EQmbK4FmJ2AS7kgVF/KEZWufBfdClMcPg=="
  "resolved" "https://registry.npmjs.org/etag/-/etag-1.8.1.tgz"
  "version" "1.8.1"

"event-lite@^0.1.1":
  "integrity" "sha512-HnSYx1BsJ87/p6swwzv+2v6B4X+uxUteoDfRxsAb1S1BePzQqOLevVmkdA15GHJVd9A9Ok6wygUR18Hu0YeV9g=="
  "resolved" "https://registry.npmjs.org/event-lite/-/event-lite-0.1.2.tgz"
  "version" "0.1.2"

"express-winston@^3.0.1":
  "integrity" "sha512-bVhg0vOqz5GvzukgNDK562rA/8rvKarlemu139mczUkHWOwj+LZ8Zvby6lLa2aGDiEDtRDCKdXqUlgPk+v9o1g=="
  "resolved" "https://registry.npmjs.org/express-winston/-/express-winston-3.1.0.tgz"
  "version" "3.1.0"
  dependencies:
    "chalk" "^2.4.1"
    "lodash" "^4.17.10"

"express@^4.16.2":
  "integrity" "sha512-j12Uuyb4FMrd/qQAm6uCHAkPtO8FDTRJZBDd5D2KOL2eLaz1yUNdUB/NOIyq0iU4q4cFarsUCrnFDPBcnksuOg=="
  "resolved" "https://registry.npmjs.org/express/-/express-4.16.4.tgz"
  "version" "4.16.4"
  dependencies:
    "accepts" "~1.3.5"
    "array-flatten" "1.1.1"
    "body-parser" "1.18.3"
    "content-disposition" "0.5.2"
    "content-type" "~1.0.4"
    "cookie" "0.3.1"
    "cookie-signature" "1.0.6"
    "debug" "2.6.9"
    "depd" "~1.1.2"
    "encodeurl" "~1.0.2"
    "escape-html" "~1.0.3"
    "etag" "~1.8.1"
    "finalhandler" "1.1.1"
    "fresh" "0.5.2"
    "merge-descriptors" "1.0.1"
    "methods" "~1.1.2"
    "on-finished" "~2.3.0"
    "parseurl" "~1.3.2"
    "path-to-regexp" "0.1.7"
    "proxy-addr" "~2.0.4"
    "qs" "6.5.2"
    "range-parser" "~1.2.0"
    "safe-buffer" "5.1.2"
    "send" "0.16.2"
    "serve-static" "1.13.2"
    "setprototypeof" "1.1.0"
    "statuses" "~1.4.0"
    "type-is" "~1.6.16"
    "utils-merge" "1.0.1"
    "vary" "~1.1.2"

"fast-safe-stringify@^2.0.4":
  "integrity" "sha512-q8BZ89jjc+mz08rSxROs8VsrBBcn1SIw1kq9NjolL509tkABRk9io01RAjSaEv1Xb2uFLt8VtRiZbGp5H8iDtg=="
  "resolved" "https://registry.npmjs.org/fast-safe-stringify/-/fast-safe-stringify-2.0.6.tgz"
  "version" "2.0.6"

"fecha@^2.3.3":
  "integrity" "sha512-lUGBnIamTAwk4znq5BcqsDaxSmZ9nDVJaij6NvRt/Tg4R69gERA+otPKbS86ROw9nxVMw2/mp1fnaiWqbs6Sdg=="
  "resolved" "https://registry.npmjs.org/fecha/-/fecha-2.3.3.tgz"
  "version" "2.3.3"

"finalhandler@1.1.1":
  "integrity" "sha512-Y1GUDo39ez4aHAw7MysnUD5JzYX+WaIj8I57kO3aEPT1fFRL4sr7mjei97FgnwhAyyzRYmQZaTHb2+9uZ1dPtg=="
  "resolved" "https://registry.npmjs.org/finalhandler/-/finalhandler-1.1.1.tgz"
  "version" "1.1.1"
  dependencies:
    "debug" "2.6.9"
    "encodeurl" "~1.0.2"
    "escape-html" "~1.0.3"
    "on-finished" "~2.3.0"
    "parseurl" "~1.3.2"
    "statuses" "~1.4.0"
    "unpipe" "~1.0.0"

"find-up@^2.0.0":
  "integrity" "sha1-RdG35QbHF93UgndaK3eSCjwMV6c= sha512-NWzkk0jSJtTt08+FBFMvXoeZnOJD+jTtsRmBYbAIzJdX6l7dLgR7CTubCM5/eDdPUBvLCeVasP1brfVR/9/EZQ=="
  "resolved" "https://registry.npmjs.org/find-up/-/find-up-2.1.0.tgz"
  "version" "2.1.0"
  dependencies:
    "locate-path" "^2.0.0"

"follow-redirects@^1.3.0":
  "integrity" "sha512-t2JCjbzxQpWvbhts3l6SH1DKzSrx8a+SsaVf4h6bG4kOXUuPYS/kg2Lr4gQSb7eemaHqJkOThF1BGyjlUkO1GQ=="
  "resolved" "https://registry.npmjs.org/follow-redirects/-/follow-redirects-1.6.1.tgz"
  "version" "1.6.1"
  dependencies:
    "debug" "=3.1.0"

"forwarded@~0.1.2":
  "integrity" "sha1-mMI9qxF1ZXuMBXPozszZGw/xjIQ= sha512-Ua9xNhH0b8pwE3yRbFfXJvfdWF0UHNCdeyb2sbi9Ul/M+r3PTdrz7Cv4SCfZRMjmzEM9PhraqfZFbGTIg3OMyA=="
  "resolved" "https://registry.npmjs.org/forwarded/-/forwarded-0.1.2.tgz"
  "version" "0.1.2"

"fresh@0.5.2":
  "integrity" "sha1-PYyt2Q2XZWn6g1qx+OSyOhBWBac= sha512-zJ2mQYM18rEFOudeV4GShTGIQ7RbzA7ozbU9I/XBpm7kqgMywgmylMwXHxZJmkVoYkna9d2pVXVXPdYTP9ej8Q=="
  "resolved" "https://registry.npmjs.org/fresh/-/fresh-0.5.2.tgz"
  "version" "0.5.2"

"fs-minipass@^1.2.5":
  "integrity" "sha512-GWSSJGFy4e9GUeCcbIkED+bgAoFyj7XF1mV8rma3QW4NIqX9Kyx79N/PF61H5udOV3aY1IaMLs6pGbH71nlCTA=="
  "resolved" "https://registry.npmjs.org/fs-minipass/-/fs-minipass-1.2.7.tgz"
  "version" "1.2.7"
  dependencies:
    "minipass" "^2.6.0"

"graceful-fs@^4.1.2":
  "integrity" "sha512-6uHUhOPEBgQ24HM+r6b/QwWfZq+yiFcipKFrOFiBEnWdy5sdzYoi+pJeQaPI5qOLRFqWmAXUPQNsielzdLoecA=="
  "resolved" "https://registry.npmjs.org/graceful-fs/-/graceful-fs-4.1.15.tgz"
  "version" "4.1.15"

"has-flag@^3.0.0":
  "integrity" "sha1-tdRU3CGZriJWmfNGfloH87lVuv0= sha512-sKJf1+ceQBr4SMkvQnBDNDtf4TXpVhVGateu0t918bl30FnbE2m4vNLX+VWe/dpjlb+HugGYzW7uQXH98HPEYw=="
  "resolved" "https://registry.npmjs.org/has-flag/-/has-flag-3.0.0.tgz"
  "version" "3.0.0"

"hosted-git-info@^2.1.4":
  "integrity" "sha512-7T/BxH19zbcCTa8XkMlbK5lTo1WtgkFi3GvdWEyNuc4Vex7/9Dqbnpsf4JMydcfj9HCg4zUWFTL3Za6lapg5/w=="
  "resolved" "https://registry.npmjs.org/hosted-git-info/-/hosted-git-info-2.7.1.tgz"
  "version" "2.7.1"

"http-errors@~1.6.2", "http-errors@~1.6.3", "http-errors@1.6.3":
  "integrity" "sha1-i1VoC7S+KDoLW/TqLjhYC+HZMg0= sha512-lks+lVC8dgGyh97jxvxeYTWQFvh4uw4yC12gVl63Cg30sjPX4wuGcdkICVXDAESr6OJGjqGA8Iz5mkeN6zlD7A=="
  "resolved" "https://registry.npmjs.org/http-errors/-/http-errors-1.6.3.tgz"
  "version" "1.6.3"
  dependencies:
    "depd" "~1.1.2"
    "inherits" "2.0.3"
    "setprototypeof" "1.1.0"
    "statuses" ">= 1.4.0 < 2"

"iconv-lite@0.4.23":
  "integrity" "sha512-neyTUVFtahjf0mB3dZT77u+8O0QB89jFdnBkd5P1JgYPbPaia3gXXOVL2fq8VyU2gMMD7SaN7QukTB/pmXYvDA=="
  "resolved" "https://registry.npmjs.org/iconv-lite/-/iconv-lite-0.4.23.tgz"
  "version" "0.4.23"
  dependencies:
    "safer-buffer" ">= 2.1.2 < 3"

"ieee754@^1.1.8":
  "integrity" "sha512-GguP+DRY+pJ3soyIiGPTvdiVXjZ+DbXOxGpXn3eMvNW4x4irjqXm4wHKscC+TfxSJ0yw/S1F24tqdMNsMZTiLA=="
  "resolved" "https://registry.npmjs.org/ieee754/-/ieee754-1.1.12.tgz"
  "version" "1.1.12"

"inherits@^2.0.3", "inherits@~2.0.3", "inherits@2.0.3":
  "integrity" "sha1-Yzwsg+PaQqUC9SRmAiSA9CCCYd4= sha512-x00IRNXNy63jwGkJmzPigoySHbaqpNuzKbBOmzK+g2OdZpQ9w+sxCN+VSB3ja7IAge2OP2qpfxTjeNcyjmW1uw=="
  "resolved" "https://registry.npmjs.org/inherits/-/inherits-2.0.3.tgz"
  "version" "2.0.3"

"int64-buffer@^0.1.9":
  "integrity" "sha1-J3siiofZWtd30HwTgyAiQGpHNCM= sha512-v7cSY1J8ydZ0GyjUHqF+1bshJ6cnEVLo9EnjB8p+4HDRPZc9N5jjmvUV7NvEsqQOKyH0pmIBFWXVQbiS0+OBbA=="
  "resolved" "https://registry.npmjs.org/int64-buffer/-/int64-buffer-0.1.10.tgz"
  "version" "0.1.10"

"ipaddr.js@1.8.0":
  "integrity" "sha1-6qM9bd16zo9/b+DJygRA5wZzix4= sha512-cwzBM2oCXBbr39KDfIi8paXKQO1eQ2UwsglI0txWsoBuygtUORsl8K8FooEEoHCWOJ8JghV3YoCHkQysXg5zjA=="
  "resolved" "https://registry.npmjs.org/ipaddr.js/-/ipaddr.js-1.8.0.tgz"
  "version" "1.8.0"

"is-arrayish@^0.2.1":
  "integrity" "sha1-d8mYQFJ6qOyxqLppe4BkWnqSap0= sha512-zz06S8t0ozoDXMG+ube26zeCTNXcKIPJZJi8hBrF4idCLms4CG9QtK7qBl1boi5ODzFpjswb5JPmHCbMpjaYzg=="
  "resolved" "https://registry.npmjs.org/is-arrayish/-/is-arrayish-0.2.1.tgz"
  "version" "0.2.1"

"is-arrayish@^0.3.1":
  "integrity" "sha512-eVRqCvVlZbuw3GrM63ovNSNAeA1K16kaR/LRY/92w0zxQ5/1YzwblUX652i4Xs9RwAGjW9d9y6X88t8OaAJfWQ=="
  "resolved" "https://registry.npmjs.org/is-arrayish/-/is-arrayish-0.3.2.tgz"
  "version" "0.3.2"

"is-buffer@^1.1.5":
  "integrity" "sha512-NcdALwpXkTm5Zvvbk7owOUSvVvBKDgKP5/ewfXEznmQFfs4ZRmanOeKBTjRVjka3QFoN6XJ+9F3USqfHqTaU5w=="
  "resolved" "https://registry.npmjs.org/is-buffer/-/is-buffer-1.1.6.tgz"
  "version" "1.1.6"

"is-stream@^1.1.0":
  "integrity" "sha1-EtSj3U5o4Lec6428hBc66A2RykQ= sha512-uQPm8kcs47jx38atAcWTVxyltQYoPT68y9aWYdV6yWXSyW8mzSat0TL6CiWdZeCdF3KrAvpVtnHbTv4RN+rqdQ=="
  "resolved" "https://registry.npmjs.org/is-stream/-/is-stream-1.1.0.tgz"
  "version" "1.1.0"

"isarray@^1.0.0", "isarray@~1.0.0":
  "integrity" "sha1-u5NdSFgsuhaMBoNJV6VKPgcSTxE= sha512-VLghIWNM6ELQzo7zwmcg0NmTVyWKYjvIeM83yjp0wRDTmUnrM678fQbcKBo6n2CJEF0szoG//ytg+TKla89ALQ=="
  "resolved" "https://registry.npmjs.org/isarray/-/isarray-1.0.0.tgz"
  "version" "1.0.0"

"json-parse-better-errors@^1.0.1":
  "integrity" "sha512-mrqyZKfX5EhL7hvqcV6WG1yYjnjeuYDzDhhcAAUrq8Po85NBQBJP+ZDUT75qZQ98IkUoBqdkExkukOU7Ts2wrw=="
  "resolved" "https://registry.npmjs.org/json-parse-better-errors/-/json-parse-better-errors-1.0.2.tgz"
  "version" "1.0.2"

"koalas@^1.0.2":
  "integrity" "sha1-MYQz8HQjXbePrlZhoCqMpT7ilc0= sha512-RYhBbYaTTTHId3l6fnMZc3eGQNW6FVCqMG6AMwA5I1Mafr6AflaXeoi6x3xQuATRotGYRLk6+1ELZH4dstFNOA=="
  "resolved" "https://registry.npmjs.org/koalas/-/koalas-1.0.2.tgz"
  "version" "1.0.2"

"kuler@1.0.x":
  "integrity" "sha512-J9nVUucG1p/skKul6DU3PUZrhs0LPulNaeUOox0IyXDi8S4CztTHs1gQphhuZmzXG7VOQSf6NJfKuzteQLv9gQ=="
  "resolved" "https://registry.npmjs.org/kuler/-/kuler-1.0.1.tgz"
  "version" "1.0.1"
  dependencies:
    "colornames" "^1.1.1"

"load-json-file@^4.0.0":
  "integrity" "sha1-L19Fq5HjMhYjT9U62rZo607AmTs= sha512-Kx8hMakjX03tiGTLAIdJ+lL0htKnXjEZN6hk/tozf/WOuYGdZBJrZ+rCJRbVCugsjB3jMLn9746NsQIf5VjBMw=="
  "resolved" "https://registry.npmjs.org/load-json-file/-/load-json-file-4.0.0.tgz"
  "version" "4.0.0"
  dependencies:
    "graceful-fs" "^4.1.2"
    "parse-json" "^4.0.0"
    "pify" "^3.0.0"
    "strip-bom" "^3.0.0"

"locate-path@^2.0.0":
  "integrity" "sha1-K1aLJl7slExtnA3pw9u7ygNUzY4= sha512-NCI2kiDkyR7VeEKm27Kda/iQHyKJe1Bu0FlTbYp3CqJu+9IFe9bLyAjMxf5ZDDbEg+iMPzB5zYyUTSm8wVTKmA=="
  "resolved" "https://registry.npmjs.org/locate-path/-/locate-path-2.0.0.tgz"
  "version" "2.0.0"
  dependencies:
    "p-locate" "^2.0.0"
    "path-exists" "^3.0.0"

"lodash.kebabcase@^4.1.1":
  "integrity" "sha1-hImxyw0p/4gZXM7KRI/21swpXDY= sha512-N8XRTIMMqqDgSy4VLKPnJ/+hpGZN+PHQiJnSenYqPaVV/NCqEogTnAdZLQiGKhxX+JCs8waWq2t1XHWKOmlY8g=="
  "resolved" "https://registry.npmjs.org/lodash.kebabcase/-/lodash.kebabcase-4.1.1.tgz"
  "version" "4.1.1"

"lodash.memoize@^4.1.2":
  "integrity" "sha1-vMbEmkKihA7Zl/Mj6tpezRguC/4= sha512-t7j+NzmgnQzTAYXcsHYLgimltOV1MXHtlOWf6GjL9Kj8GK5FInw5JotxvbOs+IvV1/Dzo04/fCGfLVs7aXb4Ag=="
  "resolved" "https://registry.npmjs.org/lodash.memoize/-/lodash.memoize-4.1.2.tgz"
  "version" "4.1.2"

"lodash.pick@^4.4.0":
  "integrity" "sha1-UvBWEP/53tQiYRRB7R/BI6AwAbM= sha512-hXt6Ul/5yWjfklSGvLQl8vM//l3FtyHZeuelpzK6mm99pNvN9yTDruNZPEJZD1oWrqo+izBmB7oUfWgcCX7s4Q=="
  "resolved" "https://registry.npmjs.org/lodash.pick/-/lodash.pick-4.4.0.tgz"
  "version" "4.4.0"

"lodash.sortby@^4.7.0":
  "integrity" "sha1-7dFMgk4sycHgsKG0K7UhBRakJDg= sha512-HDWXG8isMntAyRF5vZ7xKuEvOhT4AhlRt/3czTSjvGUxjYCBVRQY48ViDHyfYz9VIoBkW4TMGQNapx+l3RUwdA=="
  "resolved" "https://registry.npmjs.org/lodash.sortby/-/lodash.sortby-4.7.0.tgz"
  "version" "4.7.0"

"lodash.truncate@^4.4.2":
  "integrity" "sha1-WjUNoLERO4N+z//VgSy+WNbq4ZM= sha512-jttmRe7bRse52OsWIMDLaXxWqRAmtIUccAQ3garviCqJjafXOfNMO0yMfNpdD6zbGaTU0P5Nz7e7gAT6cKmJRw=="
  "resolved" "https://registry.npmjs.org/lodash.truncate/-/lodash.truncate-4.4.2.tgz"
  "version" "4.4.2"

"lodash.uniq@^4.5.0":
  "integrity" "sha1-0CJTc662Uq3BvILklFM5qEJ1R3M= sha512-xfBaXQd9ryd9dlSDvnvI0lvxfLJlYAZzXomUYzLKtUeOQvOP5piqAWuGtrhWeqaXK9hhoM/iyJc5AV+XfsX3HQ=="
  "resolved" "https://registry.npmjs.org/lodash.uniq/-/lodash.uniq-4.5.0.tgz"
  "version" "4.5.0"

"lodash@^4.17.10":
  "integrity" "sha512-cQKh8igo5QUhZ7lg38DYWAxMvjSAKG0A8wGSVimP07SIUEK2UO+arSRKbRZWtelMtN5V0Hkwh5ryOto/SshYIg=="
  "resolved" "https://registry.npmjs.org/lodash/-/lodash-4.17.11.tgz"
  "version" "4.17.11"

"logform@^2.1.1":
  "integrity" "sha512-+lZh4OpERDBLqjiwDLpAWNQu6KMjnlXH2ByZwCuSqVPJletw0kTWJf5CgSNAUKn1KUkv3m2cUz/LK8zyEy7wzQ=="
  "resolved" "https://registry.npmjs.org/logform/-/logform-2.1.2.tgz"
  "version" "2.1.2"
  dependencies:
    "colors" "^1.2.1"
    "fast-safe-stringify" "^2.0.4"
    "fecha" "^2.3.3"
    "ms" "^2.1.1"
    "triple-beam" "^1.3.0"

"media-typer@0.3.0":
  "integrity" "sha1-hxDXrwqmJvj/+hzgAWhUUmMlV0g= sha512-dq+qelQ9akHpcOl/gUVRTxVIOkAJ1wR3QAvb4RsVjS8oVoFjDGTc679wJYmUmknUF5HwMLOgb5O+a3KxfWapPQ=="
  "resolved" "https://registry.npmjs.org/media-typer/-/media-typer-0.3.0.tgz"
  "version" "0.3.0"

"merge-descriptors@1.0.1":
  "integrity" "sha1-sAqqVW3YtEVoFQ7J0blT8/kMu2E= sha512-cCi6g3/Zr1iqQi6ySbseM1Xvooa98N0w31jzUYrXPX2xqObmFGHJ0tQ5u74H3mVh7wLouTseZyYIq39g8cNp1w=="
  "resolved" "https://registry.npmjs.org/merge-descriptors/-/merge-descriptors-1.0.1.tgz"
  "version" "1.0.1"

"methods@^1.1.2", "methods@~1.1.2":
  "integrity" "sha1-VSmk1nZUE07cxSZmVoNbD4Ua/O4= sha512-iclAHeNqNm68zFtnZ0e+1L2yUIdvzNoauKU4WBA3VvH/vPFieF7qfRlwUZU+DA9P9bPXIS90ulxoUoCH23sV2w=="
  "resolved" "https://registry.npmjs.org/methods/-/methods-1.1.2.tgz"
  "version" "1.1.2"

"mime-db@~1.37.0":
  "integrity" "sha512-R3C4db6bgQhlIhPU48fUtdVmKnflq+hRdad7IyKhtFj06VPNVdk2RhiYL3UjQIlso8L+YxAtFkobT0VK+S/ybg=="
  "resolved" "https://registry.npmjs.org/mime-db/-/mime-db-1.37.0.tgz"
  "version" "1.37.0"

"mime-types@~2.1.18":
  "integrity" "sha512-3iL6DbwpyLzjR3xHSFNFeb9Nz/M8WDkX33t1GFQnFOllWk8pOrh/LSrB5OXlnlW5P9LH73X6loW/eogc+F5lJg=="
  "resolved" "https://registry.npmjs.org/mime-types/-/mime-types-2.1.21.tgz"
  "version" "2.1.21"
  dependencies:
    "mime-db" "~1.37.0"

"mime@1.4.1":
  "integrity" "sha512-KI1+qOZu5DcW6wayYHSzR/tXKCDC5Om4s1z2QJjDULzLcmf3DvzS7oluY4HCTrc+9FiKmWUgeNLg7W3uIQvxtQ=="
  "resolved" "https://registry.npmjs.org/mime/-/mime-1.4.1.tgz"
  "version" "1.4.1"

"minimist@0.0.8":
  "integrity" "sha1-hX/Kv8M5fSYluCKCYuhqp6ARsF0= sha512-miQKw5Hv4NS1Psg2517mV4e4dYNaO3++hjAvLOAzKqZ61rH8NS1SK+vbfBWZ5PY/Me/bEWhUwqMghEW5Fb9T7Q=="
  "resolved" "https://registry.npmjs.org/minimist/-/minimist-0.0.8.tgz"
  "version" "0.0.8"

"minipass@^2.6.0", "minipass@^2.8.6", "minipass@^2.9.0":
  "integrity" "sha512-wxfUjg9WebH+CUDX/CdbRlh5SmfZiy/hpkxaRI16Y9W56Pa75sWgd/rvFilSgrauD9NyFymP/+JFV3KwzIsJeg=="
  "resolved" "https://registry.npmjs.org/minipass/-/minipass-2.9.0.tgz"
  "version" "2.9.0"
  dependencies:
    "safe-buffer" "^5.1.2"
    "yallist" "^3.0.0"

"minizlib@^1.2.1":
  "integrity" "sha512-6ZYMOEnmVsdCeTJVE0W9ZD+pVnE8h9Hma/iOwwRDsdQoePpoX56/8B6z3P9VNwppJuBKNRuFDRNRqRWexT9G9Q=="
  "resolved" "https://registry.npmjs.org/minizlib/-/minizlib-1.3.3.tgz"
  "version" "1.3.3"
  dependencies:
    "minipass" "^2.9.0"

"mkdirp@^0.5.0":
  "integrity" "sha1-MAV0OOrGz3+MR2fzhkjWaX11yQM= sha512-SknJC52obPfGQPnjIkXbmA6+5H15E+fR+E4iR2oQ3zzCLbd7/ONua69R/Gw7AgkTLsRG+r5fzksYwWe1AgTyWA=="
  "resolved" "https://registry.npmjs.org/mkdirp/-/mkdirp-0.5.1.tgz"
  "version" "0.5.1"
  dependencies:
    "minimist" "0.0.8"

"module-details-from-path@^1.0.3":
  "integrity" "sha1-EUyUlnPiqKNenTV4hSeqN7Z52is= sha512-ySViT69/76t8VhE1xXHK6Ch4NcDd26gx0MzKXLO+F7NOtnqH68d9zF94nT8ZWSxXh8ELOERsnJO/sWt1xZYw5A=="
  "resolved" "https://registry.npmjs.org/module-details-from-path/-/module-details-from-path-1.0.3.tgz"
  "version" "1.0.3"

"ms@^2.1.1":
  "integrity" "sha512-tgp+dl5cGk28utYktBsrFqA7HKgrhgPsg6Z/EfhWI4gl1Hwq8B/GmY/0oXZ6nF8hDVesS/FpnYaD/kOWhYQvyg=="
  "resolved" "https://registry.npmjs.org/ms/-/ms-2.1.1.tgz"
  "version" "2.1.1"

"ms@2.0.0":
  "integrity" "sha1-VgiurfwAvmwpAd9fmGF4jeDVl8g= sha512-Tpp60P6IUJDTuOq/5Z8cdskzJujfwqfOTkrwIwj7IRISpnkJnT6SyJ4PCPnGMoFjC9ddhal5KVIYtAt97ix05A=="
  "resolved" "https://registry.npmjs.org/ms/-/ms-2.0.0.tgz"
  "version" "2.0.0"

"msgpack-lite@^0.1.26":
  "integrity" "sha1-3TxQsm8FnyXn7e42REGDWOKprYk= sha512-SZ2IxeqZ1oRFGo0xFGbvBJWMp3yLIY9rlIJyxy8CGrwZn1f0ZK4r6jV/AM1r0FZMDUkWkglOk/eeKIL9g77Nxw=="
  "resolved" "https://registry.npmjs.org/msgpack-lite/-/msgpack-lite-0.1.26.tgz"
  "version" "0.1.26"
  dependencies:
    "event-lite" "^0.1.1"
    "ieee754" "^1.1.8"
    "int64-buffer" "^0.1.9"
    "isarray" "^1.0.0"

"nan@^2.12.1":
  "integrity" "sha512-INOFj37C7k3AfaNTtX8RhsTw7qRy7eLET14cROi9+5HAVbbHuIWUHEauBv5qT4Av2tWasiTY1Jw6puUNqRJXQg=="
  "resolved" "https://registry.npmjs.org/nan/-/nan-2.14.0.tgz"
  "version" "2.14.0"

"negotiator@0.6.1":
  "integrity" "sha1-KzJxhOiZIQEXeyhWP7XnECrNDKk= sha512-qTxkr1RoLw5Pz+1+PTJ/66hWuyi2LEOeOuIDJDlx6JF8x75bmD5C7qXTg2UlX5W9rLfkqKP+r8q6Vy6NWdWrbw=="
  "resolved" "https://registry.npmjs.org/negotiator/-/negotiator-0.6.1.tgz"
  "version" "0.6.1"

"node-gyp-build@^3.8.0":
  "integrity" "sha512-zLcTg6P4AbcHPq465ZMFNXx7XpKKJh+7kkN699NiQWisR2uWYOWNWqRHAmbnmKiL4e9aLSlmy5U7rEMUXV59+A=="
  "resolved" "https://registry.npmjs.org/node-gyp-build/-/node-gyp-build-3.9.0.tgz"
  "version" "3.9.0"

"normalize-package-data@^2.3.2":
  "integrity" "sha512-/5CMN3T0R4XTj4DcGaexo+roZSdSFW/0AOOTROrjxzCG1wrWXEsGbRKevjlIL+ZDE4sZlJr5ED4YW0yqmkK+eA=="
  "resolved" "https://registry.npmjs.org/normalize-package-data/-/normalize-package-data-2.5.0.tgz"
  "version" "2.5.0"
  dependencies:
    "hosted-git-info" "^2.1.4"
    "resolve" "^1.10.0"
    "semver" "2 || 3 || 4 || 5"
    "validate-npm-package-license" "^3.0.1"

"object-assign@^4":
  "integrity" "sha1-IQmtx5ZYh8/AXLvUQsrIv7s2CGM= sha512-rJgTQnkUnH1sFw8yT6VSU3zD3sWmu6sZhIseY8VX+GRu3P6F7Fu+JNDoXfklElbLJSnc3FUQHVe4cU5hj+BcUg=="
  "resolved" "https://registry.npmjs.org/object-assign/-/object-assign-4.1.1.tgz"
  "version" "4.1.1"

"on-finished@~2.3.0":
  "integrity" "sha1-IPEzZIGwg811M3mSoWlxqi2QaUc= sha512-ikqdkGAAyf/X/gPhXGvfgAytDZtDbr+bkNUJ0N9h5MI/dmdgCs3l6hoHrcUv41sRKew3jIwrp4qQDXiK99Utww=="
  "resolved" "https://registry.npmjs.org/on-finished/-/on-finished-2.3.0.tgz"
  "version" "2.3.0"
  dependencies:
    "ee-first" "1.1.1"

"one-time@0.0.4":
  "integrity" "sha1-+M33eISCb+Tf+T46nMN7HkSAdC4= sha512-qAMrwuk2xLEutlASoiPiAMW3EN3K96Ka/ilSXYr6qR1zSVXw2j7+yDSqGTC4T9apfLYxM3tLLjKvgPdAUK7kYQ=="
  "resolved" "https://registry.npmjs.org/one-time/-/one-time-0.0.4.tgz"
  "version" "0.0.4"

"opentracing@>=0.12.1":
  "integrity" "sha512-nNnZDkUNExBwEpb7LZaeMeQgvrlO8l4bgY/LvGNZCR0xG/dGWqHqjKrAmR5GUoYo0FIz38kxasvA1aevxWs2CA=="
  "resolved" "https://registry.npmjs.org/opentracing/-/opentracing-0.14.4.tgz"
  "version" "0.14.4"

"p-limit@^1.1.0":
  "integrity" "sha512-vvcXsLAJ9Dr5rQOPk7toZQZJApBl2K4J6dANSsEuh6QI41JYcsS/qhTGa9ErIUUgK3WNQoJYvylxvjqmiqEA9Q=="
  "resolved" "https://registry.npmjs.org/p-limit/-/p-limit-1.3.0.tgz"
  "version" "1.3.0"
  dependencies:
    "p-try" "^1.0.0"

"p-locate@^2.0.0":
  "integrity" "sha1-IKAQOyIqcMj9OcwuWAaA893l7EM= sha512-nQja7m7gSKuewoVRen45CtVfODR3crN3goVQ0DDZ9N3yHxgpkuBhZqsaiotSQRrADUrne346peY7kT3TSACykg=="
  "resolved" "https://registry.npmjs.org/p-locate/-/p-locate-2.0.0.tgz"
  "version" "2.0.0"
  dependencies:
    "p-limit" "^1.1.0"

"p-try@^1.0.0":
  "integrity" "sha1-y8ec26+P1CKOE/Yh8rGiN8GyB7M= sha512-U1etNYuMJoIz3ZXSrrySFjsXQTWOx2/jdi86L+2pRvph/qMKL6sbcCYdH23fqsbm8TH2Gn0OybpT4eSFlCVHww=="
  "resolved" "https://registry.npmjs.org/p-try/-/p-try-1.0.0.tgz"
  "version" "1.0.0"

"parent-module@^0.1.0":
  "integrity" "sha1-tSkoY6HoxHbs+Ffn11yYkgskuKY= sha512-fkZFUUL8tSsJUm/WvAqyJLV/Aj9/jpnMXHy0leJYEUu2qw5FE6nJQI/bMVW2xbZySot4uaPb6cw4eY5zQn7/Ww=="
  "resolved" "https://registry.npmjs.org/parent-module/-/parent-module-0.1.0.tgz"
  "version" "0.1.0"
  dependencies:
    "callsites" "^1.0.0"

"parse-json@^4.0.0":
  "integrity" "sha1-vjX1Qlvh9/bHRxhPmKeIy5lHfuA= sha512-aOIos8bujGN93/8Ox/jPLh7RwVnPEysynVFE+fQZyg6jKELEHwzgKdLRFHUgXJL6kylijVSBC4BvN9OmsB48Rw=="
  "resolved" "https://registry.npmjs.org/parse-json/-/parse-json-4.0.0.tgz"
  "version" "4.0.0"
  dependencies:
    "error-ex" "^1.3.1"
    "json-parse-better-errors" "^1.0.1"

"parseurl@~1.3.2":
  "integrity" "sha1-/CidTtiZMRlGDBViUyYs3I3mW/M= sha512-DjIMrEiCuzD/Xsr69WhcPCTeb6iZP5JgL/DZ3cYz0zMnyiXiscoqC6LLV2dYwQHfy9O+twCDVVPiFWb7xZhaOw=="
  "resolved" "https://registry.npmjs.org/parseurl/-/parseurl-1.3.2.tgz"
  "version" "1.3.2"

"path-exists@^3.0.0":
  "integrity" "sha1-zg6+ql94yxiSXqfYENe1mwEP1RU= sha512-bpC7GYwiDYQ4wYLe+FA8lhRjhQCMcQGuSgGGqDkg/QerRWw9CmGRT0iSOVRSZJ29NMLZgIzqaljJ63oaL4NIJQ=="
  "resolved" "https://registry.npmjs.org/path-exists/-/path-exists-3.0.0.tgz"
  "version" "3.0.0"

"path-parse@^1.0.6":
  "integrity" "sha512-GSmOT2EbHrINBf9SR7CDELwlJ8AENk3Qn7OikK4nFYAu3Ote2+JYNVvkpAEQm3/TLNEJFD/xZJjzyxg3KBWOzw=="
  "resolved" "https://registry.npmjs.org/path-parse/-/path-parse-1.0.6.tgz"
  "version" "1.0.6"

"path-to-regexp@^0.1.2", "path-to-regexp@0.1.7":
  "integrity" "sha1-32BBeABfUi8V60SQ5yR6G/qmf4w= sha512-5DFkuoqlv1uYQKxy8omFBeJPQcdoE07Kv2sferDCrAq1ohOU+MSDswDIbnx3YAM60qIOnYa53wBhXW0EbMonrQ=="
  "resolved" "https://registry.npmjs.org/path-to-regexp/-/path-to-regexp-0.1.7.tgz"
  "version" "0.1.7"

"path-type@^3.0.0":
  "integrity" "sha512-T2ZUsdZFHgA3u4e5PfPbjd7HDDpxPnQb5jN0SrDsjNSuVXHJqtwTnWqG0B1jZrgmJ/7lj1EmVIByWt1gxGkWvg=="
  "resolved" "https://registry.npmjs.org/path-type/-/path-type-3.0.0.tgz"
  "version" "3.0.0"
  dependencies:
    "pify" "^3.0.0"

"performance-now@^2.1.0":
  "integrity" "sha1-Ywn04OX6kT7BxpMHrjZLSzd8nns= sha512-7EAHlyLHI56VEIdK57uwHdHKIaAGbnXPiw0yWbarQZOKaKpvUIgW0jWRVLiatnM+XXlSwsanIBH/hzGMJulMow=="
  "resolved" "https://registry.npmjs.org/performance-now/-/performance-now-2.1.0.tgz"
  "version" "2.1.0"

"pify@^3.0.0":
  "integrity" "sha1-5aSs0sEB/fPZpNB/DbxNtJ3SgXY= sha512-C3FsVNH1udSEX48gGX1xfvwTWfsYWj5U+8/uK15BGzIGrKoUpghX8hWZwa/OFnakBiiVNmBvemTJR5mcy7iPcg=="
  "resolved" "https://registry.npmjs.org/pify/-/pify-3.0.0.tgz"
  "version" "3.0.0"

"process-nextick-args@~2.0.0":
  "integrity" "sha512-MtEC1TqN0EU5nephaJ4rAtThHtC86dNN9qCuEhtshvpVBkAW5ZO7BASN9REnF9eoXGcRub+pFuKEpOHE+HbEMw=="
  "resolved" "https://registry.npmjs.org/process-nextick-args/-/process-nextick-args-2.0.0.tgz"
  "version" "2.0.0"

"proxy-addr@~2.0.4":
  "integrity" "sha512-5erio2h9jp5CHGwcybmxmVqHmnCBZeewlfJ0pex+UW7Qny7OOZXTtH56TGNyBizkgiOwhJtMKrVzDTeKcySZwA=="
  "resolved" "https://registry.npmjs.org/proxy-addr/-/proxy-addr-2.0.4.tgz"
  "version" "2.0.4"
  dependencies:
    "forwarded" "~0.1.2"
    "ipaddr.js" "1.8.0"

"qs@6.5.2":
  "integrity" "sha512-N5ZAX4/LxJmF+7wN74pUD6qAh9/wnvdQcjq9TZjevvXzSUo7bfmw91saqMjzGS2xq91/odN2dW/WOl7qQHNDGA=="
  "resolved" "https://registry.npmjs.org/qs/-/qs-6.5.2.tgz"
  "version" "6.5.2"

"querystringify@^2.0.0":
  "integrity" "sha512-sluvZZ1YiTLD5jsqZcDmFyV2EwToyXZBfpoVOmktMmW+VEnhgakFHnasVph65fOjGPTWN0Nw3+XQaSeMayr0kg=="
  "resolved" "https://registry.npmjs.org/querystringify/-/querystringify-2.1.0.tgz"
  "version" "2.1.0"

"range-parser@~1.2.0":
  "integrity" "sha1-9JvmtIeJTdxA3MlKMi9hEJLgDV4= sha512-kA5WQoNVo4t9lNx2kQNFCxKeBl5IbbSNBl1M/tLkw9WCn+hxNBAW5Qh8gdhs63CJnhjJ2zQWFoqPJP2sK1AV5A=="
  "resolved" "https://registry.npmjs.org/range-parser/-/range-parser-1.2.0.tgz"
  "version" "1.2.0"

"raw-body@2.3.3":
  "integrity" "sha512-9esiElv1BrZoI3rCDuOuKCBRbuApGGaDPQfjSflGxdy4oyzqghxu6klEkkVIvBje+FF0BX9coEv8KqW6X/7njw=="
  "resolved" "https://registry.npmjs.org/raw-body/-/raw-body-2.3.3.tgz"
  "version" "2.3.3"
  dependencies:
    "bytes" "3.0.0"
    "http-errors" "1.6.3"
    "iconv-lite" "0.4.23"
    "unpipe" "1.0.0"

"read-pkg-up@^3.0.0":
  "integrity" "sha1-PtSWaF26D4/hGNBpHcUfSh/5bwc= sha512-YFzFrVvpC6frF1sz8psoHDBGF7fLPc+llq/8NB43oagqWkx8ar5zYtsTORtOjw9W2RHLpWP+zTWwBvf1bCmcSw=="
  "resolved" "https://registry.npmjs.org/read-pkg-up/-/read-pkg-up-3.0.0.tgz"
  "version" "3.0.0"
  dependencies:
    "find-up" "^2.0.0"
    "read-pkg" "^3.0.0"

"read-pkg@^3.0.0":
  "integrity" "sha1-nLxoaXj+5l0WwA4rGcI3/Pbjg4k= sha512-BLq/cCO9two+lBgiTYNqD6GdtK8s4NpaWrl6/rCO9w0TUS8oJl7cmToOZfRYllKTISY6nt1U7jQ53brmKqY6BA=="
  "resolved" "https://registry.npmjs.org/read-pkg/-/read-pkg-3.0.0.tgz"
  "version" "3.0.0"
  dependencies:
    "load-json-file" "^4.0.0"
    "normalize-package-data" "^2.3.2"
    "path-type" "^3.0.0"

"readable-stream@^2.3.6":
  "integrity" "sha512-tQtKA9WIAhBF3+VLAseyMqZeBjW0AHJoxOtYqSUZNJxauErmLbVm2FW1y+J/YA9dUrAC39ITejlZWhVIwawkKw=="
  "resolved" "https://registry.npmjs.org/readable-stream/-/readable-stream-2.3.6.tgz"
  "version" "2.3.6"
  dependencies:
    "core-util-is" "~1.0.0"
    "inherits" "~2.0.3"
    "isarray" "~1.0.0"
    "process-nextick-args" "~2.0.0"
    "safe-buffer" "~5.1.1"
    "string_decoder" "~1.1.1"
    "util-deprecate" "~1.0.1"

"readable-stream@^3.1.1":
  "integrity" "sha512-DkN66hPyqDhnIQ6Jcsvx9bFjhw214O4poMBcIMgPVpQvNy9a0e0Uhg5SqySyDKAmUlwt8LonTBz1ezOnM8pUdA=="
  "resolved" "https://registry.npmjs.org/readable-stream/-/readable-stream-3.1.1.tgz"
  "version" "3.1.1"
  dependencies:
    "inherits" "^2.0.3"
    "string_decoder" "^1.1.1"
    "util-deprecate" "^1.0.1"

"require-in-the-middle@^2.2.2":
  "integrity" "sha512-XxtlrdTCRsr+/8WnWfqz2pFZ0SoUnrOJCFc4gJbUViZ2/3P0+zwWNi4+cV4bPfEJZVAAcxel3j/oCmwnjPvnfA=="
  "resolved" "https://registry.npmjs.org/require-in-the-middle/-/require-in-the-middle-2.2.2.tgz"
  "version" "2.2.2"
  dependencies:
    "module-details-from-path" "^1.0.3"
    "resolve" "^1.5.0"

"requires-port@^1.0.0":
  "integrity" "sha1-kl0mAdOaxIXgkc8NpcbmlNw9yv8= sha512-KigOCHcocU3XODJxsu8i/j8T9tzT4adHiecwORRQ0ZZFcp7ahwXuRU1m+yuO90C5ZUyGeGfocHDI14M3L3yDAQ=="
  "resolved" "https://registry.npmjs.org/requires-port/-/requires-port-1.0.0.tgz"
  "version" "1.0.0"

"resolve@^1.10.0", "resolve@^1.5.0":
  "integrity" "sha512-3sUr9aq5OfSg2S9pNtPA9hL1FVEAjvfOC4leW0SNf/mpnaakz2a9femSd6LqAww2RaFctwyf1lCqnTHuF1rxDg=="
  "resolved" "https://registry.npmjs.org/resolve/-/resolve-1.10.0.tgz"
  "version" "1.10.0"
  dependencies:
    "path-parse" "^1.0.6"

"safe-buffer@^5.1.2", "safe-buffer@~5.1.0", "safe-buffer@~5.1.1", "safe-buffer@5.1.2":
  "integrity" "sha512-Gd2UZBJDkXlY7GbJxfsE8/nvKkUEU1G38c1siN6QP6a9PT9MmHB8GnpscSmMJSoF8LOIrt8ud/wPtojys4G6+g=="
  "resolved" "https://registry.npmjs.org/safe-buffer/-/safe-buffer-5.1.2.tgz"
  "version" "5.1.2"

"safer-buffer@>= 2.1.2 < 3":
  "integrity" "sha512-YZo3K82SD7Riyi0E1EQPojLz7kpepnSQI9IyPbHHg1XXXevb5dJI7tpyN2ADxGcQbHG7vcyRHk0cbwqcQriUtg=="
  "resolved" "https://registry.npmjs.org/safer-buffer/-/safer-buffer-2.1.2.tgz"
  "version" "2.1.2"

"semver@^5.5.0", "semver@2 || 3 || 4 || 5":
  "integrity" "sha512-RS9R6R35NYgQn++fkDWaOmqGoj4Ek9gGs+DPxNUZKuwE183xjJroKvyo1IzVFeXvUrvmALy6FWD5xrdJT25gMg=="
  "resolved" "https://registry.npmjs.org/semver/-/semver-5.6.0.tgz"
  "version" "5.6.0"

"send@0.16.2":
  "integrity" "sha512-E64YFPUssFHEFBvpbbjr44NCLtI1AohxQ8ZSiJjQLskAdKuriYEP6VyGEsRDH8ScozGpkaX1BGvhanqCwkcEZw=="
  "resolved" "https://registry.npmjs.org/send/-/send-0.16.2.tgz"
  "version" "0.16.2"
  dependencies:
    "debug" "2.6.9"
    "depd" "~1.1.2"
    "destroy" "~1.0.4"
    "encodeurl" "~1.0.2"
    "escape-html" "~1.0.3"
    "etag" "~1.8.1"
    "fresh" "0.5.2"
    "http-errors" "~1.6.2"
    "mime" "1.4.1"
    "ms" "2.0.0"
    "on-finished" "~2.3.0"
    "range-parser" "~1.2.0"
    "statuses" "~1.4.0"

"serve-static@1.13.2":
  "integrity" "sha512-p/tdJrO4U387R9oMjb1oj7qSMaMfmOyd4j9hOFoxZe2baQszgHcSWjuya/CiT5kgZZKRudHNOA0pYXOl8rQ5nw=="
  "resolved" "https://registry.npmjs.org/serve-static/-/serve-static-1.13.2.tgz"
  "version" "1.13.2"
  dependencies:
    "encodeurl" "~1.0.2"
    "escape-html" "~1.0.3"
    "parseurl" "~1.3.2"
    "send" "0.16.2"

"setprototypeof@1.1.0":
  "integrity" "sha512-BvE/TwpZX4FXExxOxZyRGQQv651MSwmWKZGqvmPcRIjDqWub67kTKuIMx43cZZrS/cBBzwBcNDWoFxt2XEFIpQ=="
  "resolved" "https://registry.npmjs.org/setprototypeof/-/setprototypeof-1.1.0.tgz"
  "version" "1.1.0"

"shimmer@^1.2.0":
  "integrity" "sha512-sQTKC1Re/rM6XyFM6fIAGHRPVGvyXfgzIDvzoq608vM+jeyVD0Tu1E6Np0Kc2zAIFWIj963V2800iF/9LPieQw=="
  "resolved" "https://registry.npmjs.org/shimmer/-/shimmer-1.2.1.tgz"
  "version" "1.2.1"

"simple-swizzle@^0.2.2":
  "integrity" "sha1-pNprY1/8zMoz9w0Xy5JZLeleVXo= sha512-JA//kQgZtbuY83m+xT+tXJkmJncGMTFT+C+g2h2R9uxkYIrE2yy9sgmcLhCnw57/WSD+Eh3J97FPEDFnbXnDUg=="
  "resolved" "https://registry.npmjs.org/simple-swizzle/-/simple-swizzle-0.2.2.tgz"
  "version" "0.2.2"
  dependencies:
    "is-arrayish" "^0.3.1"

"spdx-correct@^3.0.0":
  "integrity" "sha512-lr2EZCctC2BNR7j7WzJ2FpDznxky1sjfxvvYEyzxNyb6lZXHODmEoJeFu4JupYlkfha1KZpJyoqiJ7pgA1qq8Q=="
  "resolved" "https://registry.npmjs.org/spdx-correct/-/spdx-correct-3.1.0.tgz"
  "version" "3.1.0"
  dependencies:
    "spdx-expression-parse" "^3.0.0"
    "spdx-license-ids" "^3.0.0"

"spdx-exceptions@^2.1.0":
  "integrity" "sha512-2XQACfElKi9SlVb1CYadKDXvoajPgBVPn/gOQLrTvHdElaVhr7ZEbqJaRnJLVNeaI4cMEAgVCeBMKF6MWRDCRA=="
  "resolved" "https://registry.npmjs.org/spdx-exceptions/-/spdx-exceptions-2.2.0.tgz"
  "version" "2.2.0"

"spdx-expression-parse@^3.0.0":
  "integrity" "sha512-Yg6D3XpRD4kkOmTpdgbUiEJFKghJH03fiC1OPll5h/0sO6neh2jqRDVHOQ4o/LMea0tgCkbMgea5ip/e+MkWyg=="
  "resolved" "https://registry.npmjs.org/spdx-expression-parse/-/spdx-expression-parse-3.0.0.tgz"
  "version" "3.0.0"
  dependencies:
    "spdx-exceptions" "^2.1.0"
    "spdx-license-ids" "^3.0.0"

"spdx-license-ids@^3.0.0":
  "integrity" "sha512-uBIcIl3Ih6Phe3XHK1NqboJLdGfwr1UN3k6wSD1dZpmPsIkb8AGNbZYJ1fOBk834+Gxy8rpfDxrS6XLEMZMY2g=="
  "resolved" "https://registry.npmjs.org/spdx-license-ids/-/spdx-license-ids-3.0.3.tgz"
  "version" "3.0.3"

"stack-trace@0.0.x":
  "integrity" "sha1-VHxws0fo0ytOEI6hoqFZ5f3eGcA= sha512-KGzahc7puUKkzyMt+IqAep+TVNbKP+k2Lmwhub39m1AsTSkaDutx56aDCo+HLDzf/D26BIHTJWNiTG1KAJiQCg=="
  "resolved" "https://registry.npmjs.org/stack-trace/-/stack-trace-0.0.10.tgz"
  "version" "0.0.10"

"statuses@>= 1.4.0 < 2", "statuses@~1.4.0":
  "integrity" "sha512-zhSCtt8v2NDrRlPQpCNtw/heZLtfUDqxBM1udqikb/Hbk52LK4nQSwr10u77iopCW5LsyHpuXS0GnEc48mLeew=="
  "resolved" "https://registry.npmjs.org/statuses/-/statuses-1.4.0.tgz"
  "version" "1.4.0"

"string_decoder@^1.1.1":
  "integrity" "sha512-6YqyX6ZWEYguAxgZzHGL7SsCeGx3V2TtOTqZz1xSTSWnqsbWwbptafNyvf/ACquZUXV3DANr5BDIwNYe1mN42w=="
  "resolved" "https://registry.npmjs.org/string_decoder/-/string_decoder-1.2.0.tgz"
  "version" "1.2.0"
  dependencies:
    "safe-buffer" "~5.1.0"

"string_decoder@~1.1.1":
  "integrity" "sha512-n/ShnvDi6FHbbVfviro+WojiFzv+s8MPMHBczVePfUpDJLwoLT0ht1l4YwBCbi8pJAveEEdnkHyPyTP/mzRfwg=="
  "resolved" "https://registry.npmjs.org/string_decoder/-/string_decoder-1.1.1.tgz"
  "version" "1.1.1"
  dependencies:
    "safe-buffer" "~5.1.0"

"strip-bom@^3.0.0":
  "integrity" "sha1-IzTBjpx1n3vdVv3vfprj1YjmjtM= sha512-vavAMRXOgBVNF6nyEEmL3DBK19iRpDcoIwW+swQ+CbGiu7lju6t+JklA1MHweoWtadgt4ISVUsXLyDq34ddcwA=="
  "resolved" "https://registry.npmjs.org/strip-bom/-/strip-bom-3.0.0.tgz"
  "version" "3.0.0"

"supports-color@^5.3.0":
  "integrity" "sha512-QjVjwdXIt408MIiAqCX4oUKsgU2EqAGzs2Ppkm4aQYbjm+ZEWEcW4SfFNTr4uMNZma0ey4f5lgLrkB0aX0QMow=="
  "resolved" "https://registry.npmjs.org/supports-color/-/supports-color-5.5.0.tgz"
  "version" "5.5.0"
  dependencies:
    "has-flag" "^3.0.0"

"tar@^4.4.8":
  "integrity" "sha512-w2VwSrBoHa5BsSyH+KxEqeQBAllHhccyMFVHtGtdMpF4W7IRWfZjFiQceJPChOeTsSDVUpER2T8FA93pr0L+QA=="
  "resolved" "https://registry.npmjs.org/tar/-/tar-4.4.13.tgz"
  "version" "4.4.13"
  dependencies:
    "chownr" "^1.1.1"
    "fs-minipass" "^1.2.5"
    "minipass" "^2.8.6"
    "minizlib" "^1.2.1"
    "mkdirp" "^0.5.0"
    "safe-buffer" "^5.1.2"
    "yallist" "^3.0.3"

"text-hex@1.0.x":
  "integrity" "sha512-uuVGNWzgJ4yhRaNSiubPY7OjISw4sw4E5Uv0wbjp+OzcbmVU/rsT8ujgcXJhn9ypzsgr5vlzpPqP+MBBKcGvbg=="
  "resolved" "https://registry.npmjs.org/text-hex/-/text-hex-1.0.0.tgz"
  "version" "1.0.0"

"triple-beam@^1.2.0", "triple-beam@^1.3.0":
  "integrity" "sha512-XrHUvV5HpdLmIj4uVMxHggLbFSZYIn7HEWsqePZcI50pco+MPqJ50wMGY794X7AOOhxOBAjbkqfAbEe/QMp2Lw=="
  "resolved" "https://registry.npmjs.org/triple-beam/-/triple-beam-1.3.0.tgz"
  "version" "1.3.0"

"type-is@~1.6.16":
  "integrity" "sha512-HRkVv/5qY2G6I8iab9cI7v1bOIdhm94dVjQCPFElW9W+3GeDOSHmy2EBYe4VTApuzolPcmgFTN3ftVJRKR2J9Q=="
  "resolved" "https://registry.npmjs.org/type-is/-/type-is-1.6.16.tgz"
  "version" "1.6.16"
  dependencies:
    "media-typer" "0.3.0"
    "mime-types" "~2.1.18"

"unpipe@~1.0.0", "unpipe@1.0.0":
  "integrity" "sha1-sr9O6FFKrmFltIF4KdIbLvSZBOw= sha512-pjy2bYhSsufwWlKwPc+l3cN7+wuJlK6uz0YdJEOlQDbl6jo/YlPi4mb8agUkVC8BF7V8NuzeyPNqRksA3hztKQ=="
  "resolved" "https://registry.npmjs.org/unpipe/-/unpipe-1.0.0.tgz"
  "version" "1.0.0"

"url-parse@^1.4.3":
  "integrity" "sha512-/92DTTorg4JjktLNLe6GPS2/RvAd/RGr6LuktmWSMLEOa6rjnlrFXNgSbSmkNvCoL2T028A0a1JaJLzRMlFoHg=="
  "resolved" "https://registry.npmjs.org/url-parse/-/url-parse-1.4.4.tgz"
  "version" "1.4.4"
  dependencies:
    "querystringify" "^2.0.0"
    "requires-port" "^1.0.0"

"util-deprecate@^1.0.1", "util-deprecate@~1.0.1":
  "integrity" "sha1-RQ1Nyfpw3nMnYvvS1KKJgUGaDM8= sha512-EPD5q1uXyFxJpCrLnCc1nHnq3gOa6DZBocAIiI2TaSCA7VCJ1UJDMagCzIkXNsUYfD1daK//LTEQ8xiIbrHtcw=="
  "resolved" "https://registry.npmjs.org/util-deprecate/-/util-deprecate-1.0.2.tgz"
  "version" "1.0.2"

"utils-merge@1.0.1":
  "integrity" "sha1-n5VxD1CiZ5R7LMwSR0HBAoQn5xM= sha512-pMZTvIkT1d+TFGvDOqodOclx0QWkkgi6Tdoa8gC8ffGAAqz9pzPTZWAybbsHHoED/ztMtkv/VoYTYyShUn81hA=="
  "resolved" "https://registry.npmjs.org/utils-merge/-/utils-merge-1.0.1.tgz"
  "version" "1.0.1"

"validate-npm-package-license@^3.0.1":
  "integrity" "sha512-DpKm2Ui/xN7/HQKCtpZxoRWBhZ9Z0kqtygG8XCgNQ8ZlDnxuQmWhj566j8fN4Cu3/JmbhsDo7fcAJq4s9h27Ew=="
  "resolved" "https://registry.npmjs.org/validate-npm-package-license/-/validate-npm-package-license-3.0.4.tgz"
  "version" "3.0.4"
  dependencies:
    "spdx-correct" "^3.0.0"
    "spdx-expression-parse" "^3.0.0"

"vary@^1", "vary@~1.1.2":
  "integrity" "sha1-IpnwLG3tMNSllhsLn3RSShj2NPw= sha512-BNGbWLfd0eUPabhkXUVm0j8uuvREyTh5ovRa/dyow/BqAbZJyC+5fU+IzQOzmAKzYqYRAISoRhdQr3eIZ/PXqg=="
  "resolved" "https://registry.npmjs.org/vary/-/vary-1.1.2.tgz"
  "version" "1.1.2"

"winston-transport@^4.3.0":
  "integrity" "sha512-B2wPuwUi3vhzn/51Uukcao4dIduEiPOcOt9HJ3QeaXgkJ5Z7UwpBzxS4ZGNHtrxrUvTwemsQiSys0ihOf8Mp1A=="
  "resolved" "https://registry.npmjs.org/winston-transport/-/winston-transport-4.3.0.tgz"
  "version" "4.3.0"
  dependencies:
    "readable-stream" "^2.3.6"
    "triple-beam" "^1.2.0"

"winston@^3.2.1", "winston@>=3.x <4":
  "integrity" "sha512-zU6vgnS9dAWCEKg/QYigd6cgMVVNwyTzKs81XZtTFuRwJOcDdBg7AU0mXVyNbs7O5RH2zdv+BdNZUlx7mXPuOw=="
  "resolved" "https://registry.npmjs.org/winston/-/winston-3.2.1.tgz"
  "version" "3.2.1"
  dependencies:
    "async" "^2.6.1"
    "diagnostics" "^1.1.1"
    "is-stream" "^1.1.0"
    "logform" "^2.1.1"
    "one-time" "0.0.4"
    "readable-stream" "^3.1.1"
    "stack-trace" "0.0.x"
    "triple-beam" "^1.3.0"
    "winston-transport" "^4.3.0"

"yallist@^3.0.0", "yallist@^3.0.3":
  "integrity" "sha512-a4UGQaWPH59mOXUYnAG2ewncQS4i4F43Tv3JoAM+s2VDAmS9NsK8GpDMLrCHPksFT7h3K6TOoUNn2pb7RoXx4g=="
  "resolved" "https://registry.npmjs.org/yallist/-/yallist-3.1.1.tgz"
  "version" "3.1.1"
